
Microsoft Visual Studio Solution File, Format Version 12.00
# Visual Studio Version 16
VisualStudioVersion = 16.0.30717.126
MinimumVisualStudioVersion = 10.0.40219.1
Project("{9A19103F-16F7-4668-BE54-9A1E7A4F7556}") = "DayOne", "DayOne\DayOne.csproj", "{379897A3-462F-42E8-B0E9-0E6C8EC5A220}"
EndProject
Project("{9A19103F-16F7-4668-BE54-9A1E7A4F7556}") = "Shared", "Shared\Shared.csproj", "{0E2B20E7-C4B6-4706-A5B6-6E03CA7945B4}"
EndProject
Project("{9A19103F-16F7-4668-BE54-9A1E7A4F7556}") = "DayTwo", "DayTwo\DayTwo.csproj", "{EF35F0CB-B981-4722-B6E6-7C0E1F88CBAB}"
EndProject
Project("{9A19103F-16F7-4668-BE54-9A1E7A4F7556}") = "DayThree", "DayThree\DayThree.csproj", "{57CB79C9-28BD-40D1-BC5D-9799D60CC34D}"
EndProject
Project("{9A19103F-16F7-4668-BE54-9A1E7A4F7556}") = "DayFour", "DayFour\DayFour.csproj", "{9B732439-8258-4302-A910-CC182AFD3546}"
EndProject
Project("{9A19103F-16F7-4668-BE54-9A1E7A4F7556}") = "DayFive", "DayFive\DayFive.csproj", "{86E7ADB8-9A29-4FC8-B932-A7048C70A4C3}"
EndProject
Project("{9A19103F-16F7-4668-BE54-9A1E7A4F7556}") = "DayFourteen", "DayFourteen\DayFourteen.csproj", "{BDDB3D9B-E6BC-4C02-B015-46990A124EE1}"
EndProject
Project("{9A19103F-16F7-4668-BE54-9A1E7A4F7556}") = "DayFifteen", "DayFifteen\DayFifteen.csproj", "{9BB7AFC2-C23C-4B83-9225-8C030FF78516}"
EndProject
Project("{FAE04EC0-301F-11D3-BF4B-00C04F79EFBC}") = "DayEighteen", "DayEighteen\DayEighteen.csproj", "{02D362E0-0462-4624-ADF8-E5F0614F43DF}"
EndProject
Global
	GlobalSection(SolutionConfigurationPlatforms) = preSolution
		Debug|Any CPU = Debug|Any CPU
		Release|Any CPU = Release|Any CPU
	EndGlobalSection
	GlobalSection(ProjectConfigurationPlatforms) = postSolution
		{379897A3-462F-42E8-B0E9-0E6C8EC5A220}.Debug|Any CPU.ActiveCfg = Debug|Any CPU
		{379897A3-462F-42E8-B0E9-0E6C8EC5A220}.Debug|Any CPU.Build.0 = Debug|Any CPU
		{379897A3-462F-42E8-B0E9-0E6C8EC5A220}.Release|Any CPU.ActiveCfg = Release|Any CPU
		{379897A3-462F-42E8-B0E9-0E6C8EC5A220}.Release|Any CPU.Build.0 = Release|Any CPU
		{0E2B20E7-C4B6-4706-A5B6-6E03CA7945B4}.Debug|Any CPU.ActiveCfg = Debug|Any CPU
		{0E2B20E7-C4B6-4706-A5B6-6E03CA7945B4}.Debug|Any CPU.Build.0 = Debug|Any CPU
		{0E2B20E7-C4B6-4706-A5B6-6E03CA7945B4}.Release|Any CPU.ActiveCfg = Release|Any CPU
		{0E2B20E7-C4B6-4706-A5B6-6E03CA7945B4}.Release|Any CPU.Build.0 = Release|Any CPU
		{EF35F0CB-B981-4722-B6E6-7C0E1F88CBAB}.Debug|Any CPU.ActiveCfg = Debug|Any CPU
		{EF35F0CB-B981-4722-B6E6-7C0E1F88CBAB}.Debug|Any CPU.Build.0 = Debug|Any CPU
		{EF35F0CB-B981-4722-B6E6-7C0E1F88CBAB}.Release|Any CPU.ActiveCfg = Release|Any CPU
		{EF35F0CB-B981-4722-B6E6-7C0E1F88CBAB}.Release|Any CPU.Build.0 = Release|Any CPU
		{57CB79C9-28BD-40D1-BC5D-9799D60CC34D}.Debug|Any CPU.ActiveCfg = Debug|Any CPU
		{57CB79C9-28BD-40D1-BC5D-9799D60CC34D}.Debug|Any CPU.Build.0 = Debug|Any CPU
		{57CB79C9-28BD-40D1-BC5D-9799D60CC34D}.Release|Any CPU.ActiveCfg = Release|Any CPU
		{57CB79C9-28BD-40D1-BC5D-9799D60CC34D}.Release|Any CPU.Build.0 = Release|Any CPU
		{9B732439-8258-4302-A910-CC182AFD3546}.Debug|Any CPU.ActiveCfg = Debug|Any CPU
		{9B732439-8258-4302-A910-CC182AFD3546}.Debug|Any CPU.Build.0 = Debug|Any CPU
		{9B732439-8258-4302-A910-CC182AFD3546}.Release|Any CPU.ActiveCfg = Release|Any CPU
		{9B732439-8258-4302-A910-CC182AFD3546}.Release|Any CPU.Build.0 = Release|Any CPU
		{86E7ADB8-9A29-4FC8-B932-A7048C70A4C3}.Debug|Any CPU.ActiveCfg = Debug|Any CPU
		{86E7ADB8-9A29-4FC8-B932-A7048C70A4C3}.Debug|Any CPU.Build.0 = Debug|Any CPU
		{86E7ADB8-9A29-4FC8-B932-A7048C70A4C3}.Release|Any CPU.ActiveCfg = Release|Any CPU
		{86E7ADB8-9A29-4FC8-B932-A7048C70A4C3}.Release|Any CPU.Build.0 = Release|Any CPU
		{BDDB3D9B-E6BC-4C02-B015-46990A124EE1}.Debug|Any CPU.ActiveCfg = Debug|Any CPU
		{BDDB3D9B-E6BC-4C02-B015-46990A124EE1}.Debug|Any CPU.Build.0 = Debug|Any CPU
		{BDDB3D9B-E6BC-4C02-B015-46990A124EE1}.Release|Any CPU.ActiveCfg = Release|Any CPU
		{BDDB3D9B-E6BC-4C02-B015-46990A124EE1}.Release|Any CPU.Build.0 = Release|Any CPU
		{9BB7AFC2-C23C-4B83-9225-8C030FF78516}.Debug|Any CPU.ActiveCfg = Debug|Any CPU
		{9BB7AFC2-C23C-4B83-9225-8C030FF78516}.Debug|Any CPU.Build.0 = Debug|Any CPU
		{9BB7AFC2-C23C-4B83-9225-8C030FF78516}.Release|Any CPU.ActiveCfg = Release|Any CPU
		{9BB7AFC2-C23C-4B83-9225-8C030FF78516}.Release|Any CPU.Build.0 = Release|Any CPU
		{02D362E0-0462-4624-ADF8-E5F0614F43DF}.Debug|Any CPU.ActiveCfg = Debug|Any CPU
		{02D362E0-0462-4624-ADF8-E5F0614F43DF}.Debug|Any CPU.Build.0 = Debug|Any CPU
		{02D362E0-0462-4624-ADF8-E5F0614F43DF}.Release|Any CPU.ActiveCfg = Release|Any CPU
		{02D362E0-0462-4624-ADF8-E5F0614F43DF}.Release|Any CPU.Build.0 = Release|Any CPU
	EndGlobalSection
	GlobalSection(SolutionProperties) = preSolution
		HideSolutionNode = FALSE
	EndGlobalSection
	GlobalSection(ExtensibilityGlobals) = postSolution
		SolutionGuid = {B774F818-4C4A-4093-8192-A29F1ACA8315}
	EndGlobalSection
EndGlobal
